
Microsoft Visual Studio Solution File, Format Version 12.00
# Visual Studio 15
VisualStudioVersion = 15.0.26124.0
MinimumVisualStudioVersion = 15.0.26124.0
Project("{2150E333-8FDC-42A3-9474-1A3956D46DE8}") = "src", "src", "{EAA77164-6D35-4DED-85BF-1A54BB543125}"
EndProject
Project("{FAE04EC0-301F-11D3-BF4B-00C04F79EFBC}") = "IdSrv4.InMem", "src\IdSrv4.InMem\IdSrv4.InMem.csproj", "{E6F5B466-79E9-40DB-BE17-43C27397A203}"
EndProject
Global
	GlobalSection(SolutionConfigurationPlatforms) = preSolution
		Debug|Any CPU = Debug|Any CPU
		Debug|x64 = Debug|x64
		Debug|x86 = Debug|x86
		Release|Any CPU = Release|Any CPU
		Release|x64 = Release|x64
		Release|x86 = Release|x86
	EndGlobalSection
	GlobalSection(SolutionProperties) = preSolution
		HideSolutionNode = FALSE
	EndGlobalSection
	GlobalSection(ProjectConfigurationPlatforms) = postSolution
		{E6F5B466-79E9-40DB-BE17-43C27397A203}.Debug|Any CPU.ActiveCfg = Debug|Any CPU
		{E6F5B466-79E9-40DB-BE17-43C27397A203}.Debug|Any CPU.Build.0 = Debug|Any CPU
		{E6F5B466-79E9-40DB-BE17-43C27397A203}.Debug|x64.ActiveCfg = Debug|Any CPU
		{E6F5B466-79E9-40DB-BE17-43C27397A203}.Debug|x64.Build.0 = Debug|Any CPU
		{E6F5B466-79E9-40DB-BE17-43C27397A203}.Debug|x86.ActiveCfg = Debug|Any CPU
		{E6F5B466-79E9-40DB-BE17-43C27397A203}.Debug|x86.Build.0 = Debug|Any CPU
		{E6F5B466-79E9-40DB-BE17-43C27397A203}.Release|Any CPU.ActiveCfg = Release|Any CPU
		{E6F5B466-79E9-40DB-BE17-43C27397A203}.Release|Any CPU.Build.0 = Release|Any CPU
		{E6F5B466-79E9-40DB-BE17-43C27397A203}.Release|x64.ActiveCfg = Release|Any CPU
		{E6F5B466-79E9-40DB-BE17-43C27397A203}.Release|x64.Build.0 = Release|Any CPU
		{E6F5B466-79E9-40DB-BE17-43C27397A203}.Release|x86.ActiveCfg = Release|Any CPU
		{E6F5B466-79E9-40DB-BE17-43C27397A203}.Release|x86.Build.0 = Release|Any CPU
	EndGlobalSection
	GlobalSection(NestedProjects) = preSolution
		{E6F5B466-79E9-40DB-BE17-43C27397A203} = {EAA77164-6D35-4DED-85BF-1A54BB543125}
	EndGlobalSection
EndGlobal
