
Microsoft Visual Studio Solution File, Format Version 12.00
# Visual Studio 15
VisualStudioVersion = 15.0.26124.0
MinimumVisualStudioVersion = 15.0.26124.0
Project("{2150E333-8FDC-42A3-9474-1A3956D46DE8}") = "src", "src", "{EAA77164-6D35-4DED-85BF-1A54BB543125}"
EndProject
Project("{9A19103F-16F7-4668-BE54-9A1E7A4F7556}") = "IdSrv4.InMem", "src\IdSrv4.InMem\IdSrv4.InMem.csproj", "{E6F5B466-79E9-40DB-BE17-43C27397A203}"
EndProject
Project("{FAE04EC0-301F-11D3-BF4B-00C04F79EFBC}") = "Toll.portal", "src\Toll.portal\Toll.portal.csproj", "{5D4F2898-457C-49B0-8EFB-64155510F130}"
EndProject
Global
	GlobalSection(SolutionConfigurationPlatforms) = preSolution
		Debug|Any CPU = Debug|Any CPU
		Debug|x64 = Debug|x64
		Debug|x86 = Debug|x86
		Release|Any CPU = Release|Any CPU
		Release|x64 = Release|x64
		Release|x86 = Release|x86
	EndGlobalSection
	GlobalSection(ProjectConfigurationPlatforms) = postSolution
		{E6F5B466-79E9-40DB-BE17-43C27397A203}.Debug|Any CPU.ActiveCfg = Debug|Any CPU
		{E6F5B466-79E9-40DB-BE17-43C27397A203}.Debug|Any CPU.Build.0 = Debug|Any CPU
		{E6F5B466-79E9-40DB-BE17-43C27397A203}.Debug|x64.ActiveCfg = Debug|Any CPU
		{E6F5B466-79E9-40DB-BE17-43C27397A203}.Debug|x64.Build.0 = Debug|Any CPU
		{E6F5B466-79E9-40DB-BE17-43C27397A203}.Debug|x86.ActiveCfg = Debug|Any CPU
		{E6F5B466-79E9-40DB-BE17-43C27397A203}.Debug|x86.Build.0 = Debug|Any CPU
		{E6F5B466-79E9-40DB-BE17-43C27397A203}.Release|Any CPU.ActiveCfg = Release|Any CPU
		{E6F5B466-79E9-40DB-BE17-43C27397A203}.Release|Any CPU.Build.0 = Release|Any CPU
		{E6F5B466-79E9-40DB-BE17-43C27397A203}.Release|x64.ActiveCfg = Release|Any CPU
		{E6F5B466-79E9-40DB-BE17-43C27397A203}.Release|x64.Build.0 = Release|Any CPU
		{E6F5B466-79E9-40DB-BE17-43C27397A203}.Release|x86.ActiveCfg = Release|Any CPU
		{E6F5B466-79E9-40DB-BE17-43C27397A203}.Release|x86.Build.0 = Release|Any CPU
		{8C4E604B-28C3-45E7-8E09-AA8936269B0B}.Debug|Any CPU.ActiveCfg = Debug|Any CPU
		{8C4E604B-28C3-45E7-8E09-AA8936269B0B}.Debug|Any CPU.Build.0 = Debug|Any CPU
		{8C4E604B-28C3-45E7-8E09-AA8936269B0B}.Debug|x64.ActiveCfg = Debug|Any CPU
		{8C4E604B-28C3-45E7-8E09-AA8936269B0B}.Debug|x64.Build.0 = Debug|Any CPU
		{8C4E604B-28C3-45E7-8E09-AA8936269B0B}.Debug|x86.ActiveCfg = Debug|Any CPU
		{8C4E604B-28C3-45E7-8E09-AA8936269B0B}.Debug|x86.Build.0 = Debug|Any CPU
		{8C4E604B-28C3-45E7-8E09-AA8936269B0B}.Release|Any CPU.ActiveCfg = Release|Any CPU
		{8C4E604B-28C3-45E7-8E09-AA8936269B0B}.Release|Any CPU.Build.0 = Release|Any CPU
		{8C4E604B-28C3-45E7-8E09-AA8936269B0B}.Release|x64.ActiveCfg = Release|Any CPU
		{8C4E604B-28C3-45E7-8E09-AA8936269B0B}.Release|x64.Build.0 = Release|Any CPU
		{8C4E604B-28C3-45E7-8E09-AA8936269B0B}.Release|x86.ActiveCfg = Release|Any CPU
		{8C4E604B-28C3-45E7-8E09-AA8936269B0B}.Release|x86.Build.0 = Release|Any CPU
		{5D4F2898-457C-49B0-8EFB-64155510F130}.Debug|Any CPU.ActiveCfg = Debug|Any CPU
		{5D4F2898-457C-49B0-8EFB-64155510F130}.Debug|Any CPU.Build.0 = Debug|Any CPU
		{5D4F2898-457C-49B0-8EFB-64155510F130}.Debug|x64.ActiveCfg = Debug|Any CPU
		{5D4F2898-457C-49B0-8EFB-64155510F130}.Debug|x64.Build.0 = Debug|Any CPU
		{5D4F2898-457C-49B0-8EFB-64155510F130}.Debug|x86.ActiveCfg = Debug|Any CPU
		{5D4F2898-457C-49B0-8EFB-64155510F130}.Debug|x86.Build.0 = Debug|Any CPU
		{5D4F2898-457C-49B0-8EFB-64155510F130}.Release|Any CPU.ActiveCfg = Release|Any CPU
		{5D4F2898-457C-49B0-8EFB-64155510F130}.Release|Any CPU.Build.0 = Release|Any CPU
		{5D4F2898-457C-49B0-8EFB-64155510F130}.Release|x64.ActiveCfg = Release|Any CPU
		{5D4F2898-457C-49B0-8EFB-64155510F130}.Release|x64.Build.0 = Release|Any CPU
		{5D4F2898-457C-49B0-8EFB-64155510F130}.Release|x86.ActiveCfg = Release|Any CPU
		{5D4F2898-457C-49B0-8EFB-64155510F130}.Release|x86.Build.0 = Release|Any CPU
	EndGlobalSection
	GlobalSection(SolutionProperties) = preSolution
		HideSolutionNode = FALSE
	EndGlobalSection
	GlobalSection(NestedProjects) = preSolution
		{E6F5B466-79E9-40DB-BE17-43C27397A203} = {EAA77164-6D35-4DED-85BF-1A54BB543125}
		{8C4E604B-28C3-45E7-8E09-AA8936269B0B} = {EAA77164-6D35-4DED-85BF-1A54BB543125}
		{5D4F2898-457C-49B0-8EFB-64155510F130} = {EAA77164-6D35-4DED-85BF-1A54BB543125}
	EndGlobalSection
	GlobalSection(ExtensibilityGlobals) = postSolution
		SolutionGuid = {D1CC2C71-300D-409F-92B1-28E9FD1DCDC1}
	EndGlobalSection
EndGlobal
